{
	"name": "@tinkoff/linters",
	"version": "1.0.0-rc.5",
	"lockfileVersion": 1,
	"requires": true,
	"dependencies": {
		"@typescript-eslint/eslint-plugin": {
			"version": "2.7.0",
			"resolved": "https://registry.npmjs.org/@typescript-eslint/eslint-plugin/-/eslint-plugin-2.7.0.tgz",
			"integrity": "sha512-H5G7yi0b0FgmqaEUpzyBlVh0d9lq4cWG2ap0RKa6BkF3rpBb6IrAoubt1NWh9R2kRs/f0k6XwRDiDz3X/FqXhQ==",
			"requires": {
				"@typescript-eslint/experimental-utils": "2.7.0",
				"eslint-utils": "^1.4.2",
				"functional-red-black-tree": "^1.0.1",
				"regexpp": "^2.0.1",
				"tsutils": "^3.17.1"
			},
			"dependencies": {
				"@types/json-schema": {
					"version": "7.0.4",
					"resolved": "https://registry.npmjs.org/@types/json-schema/-/json-schema-7.0.4.tgz",
					"integrity": "sha512-8+KAKzEvSUdeo+kmqnKrqgeE+LcA0tjYWFY7RPProVYwnqDjukzO+3b6dLD56rYX5TdWejnEOLJYOIeh4CXKuA=="
				},
				"@typescript-eslint/experimental-utils": {
					"version": "2.7.0",
					"resolved": "https://registry.npmjs.org/@typescript-eslint/experimental-utils/-/experimental-utils-2.7.0.tgz",
					"integrity": "sha512-9/L/OJh2a5G2ltgBWJpHRfGnt61AgDeH6rsdg59BH0naQseSwR7abwHq3D5/op0KYD/zFT4LS5gGvWcMmegTEg==",
					"requires": {
						"@types/json-schema": "^7.0.3",
						"@typescript-eslint/typescript-estree": "2.7.0",
						"eslint-scope": "^5.0.0"
					}
				},
				"@typescript-eslint/typescript-estree": {
					"version": "2.7.0",
					"resolved": "https://registry.npmjs.org/@typescript-eslint/typescript-estree/-/typescript-estree-2.7.0.tgz",
					"integrity": "sha512-vVCE/DY72N4RiJ/2f10PTyYekX2OLaltuSIBqeHYI44GQ940VCYioInIb8jKMrK9u855OEJdFC+HmWAZTnC+Ag==",
					"requires": {
						"debug": "^4.1.1",
						"glob": "^7.1.4",
						"is-glob": "^4.0.1",
						"lodash.unescape": "4.0.1",
						"semver": "^6.3.0",
						"tsutils": "^3.17.1"
					}
				},
				"balanced-match": {
					"version": "1.0.0",
					"resolved": "https://registry.npmjs.org/balanced-match/-/balanced-match-1.0.0.tgz",
					"integrity": "sha1-ibTRmasr7kneFk6gK4nORi1xt2c="
				},
				"brace-expansion": {
					"version": "1.1.11",
					"resolved": "https://registry.npmjs.org/brace-expansion/-/brace-expansion-1.1.11.tgz",
					"integrity": "sha512-iCuPHDFgrHX7H2vEI/5xpz07zSHB00TpugqhmYtVmMO6518mCuRMoOYFldEBl0g187ufozdaHgWKcYFb61qGiA==",
					"requires": {
						"balanced-match": "^1.0.0",
						"concat-map": "0.0.1"
					}
				},
				"concat-map": {
					"version": "0.0.1",
					"resolved": "https://registry.npmjs.org/concat-map/-/concat-map-0.0.1.tgz",
					"integrity": "sha1-2Klr13/Wjfd5OnMDajug1UBdR3s="
				},
				"debug": {
					"version": "4.1.1",
					"resolved": "https://registry.npmjs.org/debug/-/debug-4.1.1.tgz",
					"integrity": "sha512-pYAIzeRo8J6KPEaJ0VWOh5Pzkbw/RetuzehGM7QRRX5he4fPHx2rdKMB256ehJCkX+XRQm16eZLqLNS8RSZXZw==",
					"requires": {
						"ms": "^2.1.1"
					}
				},
				"eslint-scope": {
					"version": "5.1.0",
					"resolved": "https://registry.npmjs.org/eslint-scope/-/eslint-scope-5.1.0.tgz",
					"integrity": "sha512-iiGRvtxWqgtx5m8EyQUJihBloE4EnYeGE/bz1wSPwJE6tZuJUtHlhqDM4Xj2ukE8Dyy1+HCZ4hE0fzIVMzb58w==",
					"requires": {
						"esrecurse": "^4.1.0",
						"estraverse": "^4.1.1"
					}
				},
				"eslint-utils": {
					"version": "1.4.3",
					"resolved": "https://registry.npmjs.org/eslint-utils/-/eslint-utils-1.4.3.tgz",
					"integrity": "sha512-fbBN5W2xdY45KulGXmLHZ3c3FHfVYmKg0IrAKGOkT/464PQsx2UeIzfz1RmEci+KLm1bBaAzZAh8+/E+XAeZ8Q==",
					"requires": {
						"eslint-visitor-keys": "^1.1.0"
					}
				},
				"eslint-visitor-keys": {
					"version": "1.2.0",
					"resolved": "https://registry.npmjs.org/eslint-visitor-keys/-/eslint-visitor-keys-1.2.0.tgz",
					"integrity": "sha512-WFb4ihckKil6hu3Dp798xdzSfddwKKU3+nGniKF6HfeW6OLd2OUDEPP7TcHtB5+QXOKg2s6B2DaMPE1Nn/kxKQ=="
				},
				"esrecurse": {
					"version": "4.2.1",
					"resolved": "https://registry.npmjs.org/esrecurse/-/esrecurse-4.2.1.tgz",
					"integrity": "sha512-64RBB++fIOAXPw3P9cy89qfMlvZEXZkqqJkjqqXIvzP5ezRZjW+lPWjw35UX/3EhUPFYbg5ER4JYgDw4007/DQ==",
					"requires": {
						"estraverse": "^4.1.0"
					}
				},
				"estraverse": {
					"version": "4.3.0",
					"resolved": "https://registry.npmjs.org/estraverse/-/estraverse-4.3.0.tgz",
					"integrity": "sha512-39nnKffWz8xN1BU/2c79n9nB9HDzo0niYUqx6xyqUnyoAnQyyWpOTdZEeiCch8BBu515t4wp9ZmgVfVhn9EBpw=="
				},
				"fs.realpath": {
					"version": "1.0.0",
					"resolved": "https://registry.npmjs.org/fs.realpath/-/fs.realpath-1.0.0.tgz",
					"integrity": "sha1-FQStJSMVjKpA20onh8sBQRmU6k8="
				},
				"functional-red-black-tree": {
					"version": "1.0.1",
					"resolved": "https://registry.npmjs.org/functional-red-black-tree/-/functional-red-black-tree-1.0.1.tgz",
					"integrity": "sha1-GwqzvVU7Kg1jmdKcDj6gslIHgyc="
				},
				"glob": {
					"version": "7.1.6",
					"resolved": "https://registry.npmjs.org/glob/-/glob-7.1.6.tgz",
					"integrity": "sha512-LwaxwyZ72Lk7vZINtNNrywX0ZuLyStrdDtabefZKAY5ZGJhVtgdznluResxNmPitE0SAO+O26sWTHeKSI2wMBA==",
					"requires": {
						"fs.realpath": "^1.0.0",
						"inflight": "^1.0.4",
						"inherits": "2",
						"minimatch": "^3.0.4",
						"once": "^1.3.0",
						"path-is-absolute": "^1.0.0"
					}
				},
				"inflight": {
					"version": "1.0.6",
					"resolved": "https://registry.npmjs.org/inflight/-/inflight-1.0.6.tgz",
					"integrity": "sha1-Sb1jMdfQLQwJvJEKEHW6gWW1bfk=",
					"requires": {
						"once": "^1.3.0",
						"wrappy": "1"
					}
				},
				"inherits": {
					"version": "2.0.4",
					"resolved": "https://registry.npmjs.org/inherits/-/inherits-2.0.4.tgz",
					"integrity": "sha512-k/vGaX4/Yla3WzyMCvTQOXYeIHvqOKtnqBduzTHpzpQZzAskKMhZ2K+EnBiSM9zGSoIFeMpXKxa4dYeZIQqewQ=="
				},
				"is-extglob": {
					"version": "2.1.1",
					"resolved": "https://registry.npmjs.org/is-extglob/-/is-extglob-2.1.1.tgz",
					"integrity": "sha1-qIwCU1eR8C7TfHahueqXc8gz+MI="
				},
				"is-glob": {
					"version": "4.0.1",
					"resolved": "https://registry.npmjs.org/is-glob/-/is-glob-4.0.1.tgz",
					"integrity": "sha512-5G0tKtBTFImOqDnLB2hG6Bp2qcKEFduo4tZu9MT/H6NQv/ghhy30o55ufafxJ/LdH79LLs2Kfrn85TLKyA7BUg==",
					"requires": {
						"is-extglob": "^2.1.1"
					}
				},
				"lodash.unescape": {
					"version": "4.0.1",
					"resolved": "https://registry.npmjs.org/lodash.unescape/-/lodash.unescape-4.0.1.tgz",
					"integrity": "sha1-vyJJiGzlFM2hEvrpIYzcBlIR/Jw="
				},
				"minimatch": {
					"version": "3.0.4",
					"resolved": "https://registry.npmjs.org/minimatch/-/minimatch-3.0.4.tgz",
					"integrity": "sha512-yJHVQEhyqPLUTgt9B83PXu6W3rx4MvvHvSUvToogpwoGDOUQ+yDrR0HRot+yOCdCO7u4hX3pWft6kWBBcqh0UA==",
					"requires": {
						"brace-expansion": "^1.1.7"
					}
				},
				"ms": {
					"version": "2.1.2",
					"resolved": "https://registry.npmjs.org/ms/-/ms-2.1.2.tgz",
					"integrity": "sha512-sGkPx+VjMtmA6MX27oA4FBFELFCZZ4S4XqeGOXCv68tT+jb3vk/RyaKWP0PTKyWtmLSM0b+adUTEvbs1PEaH2w=="
				},
				"once": {
					"version": "1.4.0",
					"resolved": "https://registry.npmjs.org/once/-/once-1.4.0.tgz",
					"integrity": "sha1-WDsap3WWHUsROsF9nFC6753Xa9E=",
					"requires": {
						"wrappy": "1"
					}
				},
				"path-is-absolute": {
					"version": "1.0.1",
					"resolved": "https://registry.npmjs.org/path-is-absolute/-/path-is-absolute-1.0.1.tgz",
					"integrity": "sha1-F0uSaHNVNP+8es5r9TpanhtcX18="
				},
				"regexpp": {
					"version": "2.0.1",
					"resolved": "https://registry.npmjs.org/regexpp/-/regexpp-2.0.1.tgz",
					"integrity": "sha512-lv0M6+TkDVniA3aD1Eg0DVpfU/booSu7Eev3TDO/mZKHBfVjgCGTV4t4buppESEYDtkArYFOxTJWv6S5C+iaNw=="
				},
				"semver": {
					"version": "6.3.0",
					"resolved": "https://registry.npmjs.org/semver/-/semver-6.3.0.tgz",
					"integrity": "sha512-b39TBaTSfV6yBrapU89p5fKekE2m/NwnDocOVruQFS1/veMgdzuPcnOM34M6CwxW8jH/lxEa5rBoDeUwu5HHTw=="
				},
				"tslib": {
					"version": "1.13.0",
					"resolved": "https://registry.npmjs.org/tslib/-/tslib-1.13.0.tgz",
					"integrity": "sha512-i/6DQjL8Xf3be4K/E6Wgpekn5Qasl1usyw++dAA35Ue5orEn65VIxOA+YvNNl9HV3qv70T7CNwjODHZrLwvd1Q=="
				},
				"tsutils": {
					"version": "3.17.1",
					"resolved": "https://registry.npmjs.org/tsutils/-/tsutils-3.17.1.tgz",
					"integrity": "sha512-kzeQ5B8H3w60nFY2g8cJIuH7JDpsALXySGtwGJ0p2LSjLgay3NdIpqq5SoOBe46bKDW2iq25irHCr8wjomUS2g==",
					"requires": {
						"tslib": "^1.8.1"
					}
				},
				"wrappy": {
					"version": "1.0.2",
					"resolved": "https://registry.npmjs.org/wrappy/-/wrappy-1.0.2.tgz",
					"integrity": "sha1-tSQ9jz7BqjXxNkYFvA0QNuMKtp8="
				}
			}
		},
		"@typescript-eslint/parser": {
			"version": "2.34.0",
			"resolved": "https://registry.npmjs.org/@typescript-eslint/parser/-/parser-2.34.0.tgz",
			"integrity": "sha512-03ilO0ucSD0EPTw2X4PntSIRFtDPWjrVq7C3/Z3VQHRC7+13YB55rcJI3Jt+YgeHbjUdJPcPa7b23rXCBokuyA==",
			"requires": {
				"@types/eslint-visitor-keys": "^1.0.0",
				"@typescript-eslint/experimental-utils": "2.34.0",
				"@typescript-eslint/typescript-estree": "2.34.0",
				"eslint-visitor-keys": "^1.1.0"
			},
			"dependencies": {
				"@types/eslint-visitor-keys": {
					"version": "1.0.0",
					"resolved": "https://registry.npmjs.org/@types/eslint-visitor-keys/-/eslint-visitor-keys-1.0.0.tgz",
					"integrity": "sha512-OCutwjDZ4aFS6PB1UZ988C4YgwlBHJd6wCeQqaLdmadZ/7e+w79+hbMUFC1QXDNCmdyoRfAFdm0RypzwR+Qpag=="
				},
				"@types/json-schema": {
					"version": "7.0.4",
					"resolved": "https://registry.npmjs.org/@types/json-schema/-/json-schema-7.0.4.tgz",
					"integrity": "sha512-8+KAKzEvSUdeo+kmqnKrqgeE+LcA0tjYWFY7RPProVYwnqDjukzO+3b6dLD56rYX5TdWejnEOLJYOIeh4CXKuA=="
				},
				"@typescript-eslint/experimental-utils": {
					"version": "2.34.0",
					"resolved": "https://registry.npmjs.org/@typescript-eslint/experimental-utils/-/experimental-utils-2.34.0.tgz",
					"integrity": "sha512-eS6FTkq+wuMJ+sgtuNTtcqavWXqsflWcfBnlYhg/nS4aZ1leewkXGbvBhaapn1q6qf4M71bsR1tez5JTRMuqwA==",
					"requires": {
						"@types/json-schema": "^7.0.3",
						"@typescript-eslint/typescript-estree": "2.34.0",
						"eslint-scope": "^5.0.0",
						"eslint-utils": "^2.0.0"
					}
				},
				"@typescript-eslint/typescript-estree": {
					"version": "2.34.0",
					"resolved": "https://registry.npmjs.org/@typescript-eslint/typescript-estree/-/typescript-estree-2.34.0.tgz",
					"integrity": "sha512-OMAr+nJWKdlVM9LOqCqh3pQQPwxHAN7Du8DR6dmwCrAmxtiXQnhHJ6tBNtf+cggqfo51SG/FCwnKhXCIM7hnVg==",
					"requires": {
						"debug": "^4.1.1",
						"eslint-visitor-keys": "^1.1.0",
						"glob": "^7.1.6",
						"is-glob": "^4.0.1",
						"lodash": "^4.17.15",
						"semver": "^7.3.2",
						"tsutils": "^3.17.1"
					}
				},
				"balanced-match": {
					"version": "1.0.0",
					"resolved": "https://registry.npmjs.org/balanced-match/-/balanced-match-1.0.0.tgz",
					"integrity": "sha1-ibTRmasr7kneFk6gK4nORi1xt2c="
				},
				"brace-expansion": {
					"version": "1.1.11",
					"resolved": "https://registry.npmjs.org/brace-expansion/-/brace-expansion-1.1.11.tgz",
					"integrity": "sha512-iCuPHDFgrHX7H2vEI/5xpz07zSHB00TpugqhmYtVmMO6518mCuRMoOYFldEBl0g187ufozdaHgWKcYFb61qGiA==",
					"requires": {
						"balanced-match": "^1.0.0",
						"concat-map": "0.0.1"
					}
				},
				"concat-map": {
					"version": "0.0.1",
					"resolved": "https://registry.npmjs.org/concat-map/-/concat-map-0.0.1.tgz",
					"integrity": "sha1-2Klr13/Wjfd5OnMDajug1UBdR3s="
				},
				"debug": {
					"version": "4.1.1",
					"resolved": "https://registry.npmjs.org/debug/-/debug-4.1.1.tgz",
					"integrity": "sha512-pYAIzeRo8J6KPEaJ0VWOh5Pzkbw/RetuzehGM7QRRX5he4fPHx2rdKMB256ehJCkX+XRQm16eZLqLNS8RSZXZw==",
					"requires": {
						"ms": "^2.1.1"
					}
				},
				"eslint-scope": {
					"version": "5.1.0",
					"resolved": "https://registry.npmjs.org/eslint-scope/-/eslint-scope-5.1.0.tgz",
					"integrity": "sha512-iiGRvtxWqgtx5m8EyQUJihBloE4EnYeGE/bz1wSPwJE6tZuJUtHlhqDM4Xj2ukE8Dyy1+HCZ4hE0fzIVMzb58w==",
					"requires": {
						"esrecurse": "^4.1.0",
						"estraverse": "^4.1.1"
					}
				},
				"eslint-utils": {
					"version": "2.0.0",
					"resolved": "https://registry.npmjs.org/eslint-utils/-/eslint-utils-2.0.0.tgz",
					"integrity": "sha512-0HCPuJv+7Wv1bACm8y5/ECVfYdfsAm9xmVb7saeFlxjPYALefjhbYoCkBjPdPzGH8wWyTpAez82Fh3VKYEZ8OA==",
					"requires": {
						"eslint-visitor-keys": "^1.1.0"
					}
				},
				"eslint-visitor-keys": {
					"version": "1.2.0",
					"resolved": "https://registry.npmjs.org/eslint-visitor-keys/-/eslint-visitor-keys-1.2.0.tgz",
					"integrity": "sha512-WFb4ihckKil6hu3Dp798xdzSfddwKKU3+nGniKF6HfeW6OLd2OUDEPP7TcHtB5+QXOKg2s6B2DaMPE1Nn/kxKQ=="
				},
				"esrecurse": {
					"version": "4.2.1",
					"resolved": "https://registry.npmjs.org/esrecurse/-/esrecurse-4.2.1.tgz",
					"integrity": "sha512-64RBB++fIOAXPw3P9cy89qfMlvZEXZkqqJkjqqXIvzP5ezRZjW+lPWjw35UX/3EhUPFYbg5ER4JYgDw4007/DQ==",
					"requires": {
						"estraverse": "^4.1.0"
					}
				},
				"estraverse": {
					"version": "4.3.0",
					"resolved": "https://registry.npmjs.org/estraverse/-/estraverse-4.3.0.tgz",
					"integrity": "sha512-39nnKffWz8xN1BU/2c79n9nB9HDzo0niYUqx6xyqUnyoAnQyyWpOTdZEeiCch8BBu515t4wp9ZmgVfVhn9EBpw=="
				},
				"fs.realpath": {
					"version": "1.0.0",
					"resolved": "https://registry.npmjs.org/fs.realpath/-/fs.realpath-1.0.0.tgz",
					"integrity": "sha1-FQStJSMVjKpA20onh8sBQRmU6k8="
				},
				"glob": {
					"version": "7.1.6",
					"resolved": "https://registry.npmjs.org/glob/-/glob-7.1.6.tgz",
					"integrity": "sha512-LwaxwyZ72Lk7vZINtNNrywX0ZuLyStrdDtabefZKAY5ZGJhVtgdznluResxNmPitE0SAO+O26sWTHeKSI2wMBA==",
					"requires": {
						"fs.realpath": "^1.0.0",
						"inflight": "^1.0.4",
						"inherits": "2",
						"minimatch": "^3.0.4",
						"once": "^1.3.0",
						"path-is-absolute": "^1.0.0"
					}
				},
				"inflight": {
					"version": "1.0.6",
					"resolved": "https://registry.npmjs.org/inflight/-/inflight-1.0.6.tgz",
					"integrity": "sha1-Sb1jMdfQLQwJvJEKEHW6gWW1bfk=",
					"requires": {
						"once": "^1.3.0",
						"wrappy": "1"
					}
				},
				"inherits": {
					"version": "2.0.4",
					"resolved": "https://registry.npmjs.org/inherits/-/inherits-2.0.4.tgz",
					"integrity": "sha512-k/vGaX4/Yla3WzyMCvTQOXYeIHvqOKtnqBduzTHpzpQZzAskKMhZ2K+EnBiSM9zGSoIFeMpXKxa4dYeZIQqewQ=="
				},
				"is-extglob": {
					"version": "2.1.1",
					"resolved": "https://registry.npmjs.org/is-extglob/-/is-extglob-2.1.1.tgz",
					"integrity": "sha1-qIwCU1eR8C7TfHahueqXc8gz+MI="
				},
				"is-glob": {
					"version": "4.0.1",
					"resolved": "https://registry.npmjs.org/is-glob/-/is-glob-4.0.1.tgz",
					"integrity": "sha512-5G0tKtBTFImOqDnLB2hG6Bp2qcKEFduo4tZu9MT/H6NQv/ghhy30o55ufafxJ/LdH79LLs2Kfrn85TLKyA7BUg==",
					"requires": {
						"is-extglob": "^2.1.1"
					}
				},
				"lodash": {
					"version": "4.17.15",
					"resolved": "https://registry.npmjs.org/lodash/-/lodash-4.17.15.tgz",
					"integrity": "sha512-8xOcRHvCjnocdS5cpwXQXVzmmh5e5+saE2QGoeQmbKmRS6J3VQppPOIt0MnmE+4xlZoumy0GPG0D0MVIQbNA1A=="
				},
				"minimatch": {
					"version": "3.0.4",
					"resolved": "https://registry.npmjs.org/minimatch/-/minimatch-3.0.4.tgz",
					"integrity": "sha512-yJHVQEhyqPLUTgt9B83PXu6W3rx4MvvHvSUvToogpwoGDOUQ+yDrR0HRot+yOCdCO7u4hX3pWft6kWBBcqh0UA==",
					"requires": {
						"brace-expansion": "^1.1.7"
					}
				},
				"ms": {
					"version": "2.1.2",
					"resolved": "https://registry.npmjs.org/ms/-/ms-2.1.2.tgz",
					"integrity": "sha512-sGkPx+VjMtmA6MX27oA4FBFELFCZZ4S4XqeGOXCv68tT+jb3vk/RyaKWP0PTKyWtmLSM0b+adUTEvbs1PEaH2w=="
				},
				"once": {
					"version": "1.4.0",
					"resolved": "https://registry.npmjs.org/once/-/once-1.4.0.tgz",
					"integrity": "sha1-WDsap3WWHUsROsF9nFC6753Xa9E=",
					"requires": {
						"wrappy": "1"
					}
				},
				"path-is-absolute": {
					"version": "1.0.1",
					"resolved": "https://registry.npmjs.org/path-is-absolute/-/path-is-absolute-1.0.1.tgz",
					"integrity": "sha1-F0uSaHNVNP+8es5r9TpanhtcX18="
				},
				"semver": {
					"version": "7.3.2",
					"resolved": "https://registry.npmjs.org/semver/-/semver-7.3.2.tgz",
					"integrity": "sha512-OrOb32TeeambH6UrhtShmF7CRDqhL6/5XpPNp2DuRH6+9QLw/orhp72j87v8Qa1ScDkvrrBNpZcDejAirJmfXQ=="
				},
				"tslib": {
					"version": "1.13.0",
					"resolved": "https://registry.npmjs.org/tslib/-/tslib-1.13.0.tgz",
					"integrity": "sha512-i/6DQjL8Xf3be4K/E6Wgpekn5Qasl1usyw++dAA35Ue5orEn65VIxOA+YvNNl9HV3qv70T7CNwjODHZrLwvd1Q=="
				},
				"tsutils": {
					"version": "3.17.1",
					"resolved": "https://registry.npmjs.org/tsutils/-/tsutils-3.17.1.tgz",
					"integrity": "sha512-kzeQ5B8H3w60nFY2g8cJIuH7JDpsALXySGtwGJ0p2LSjLgay3NdIpqq5SoOBe46bKDW2iq25irHCr8wjomUS2g==",
					"requires": {
						"tslib": "^1.8.1"
					}
				},
				"wrappy": {
					"version": "1.0.2",
					"resolved": "https://registry.npmjs.org/wrappy/-/wrappy-1.0.2.tgz",
					"integrity": "sha1-tSQ9jz7BqjXxNkYFvA0QNuMKtp8="
				}
			}
		},
		"eslint-config-prettier": {
			"version": "6.11.0",
			"resolved": "https://registry.npmjs.org/eslint-config-prettier/-/eslint-config-prettier-6.11.0.tgz",
			"integrity": "sha512-oB8cpLWSAjOVFEJhhyMZh6NOEOtBVziaqdDQ86+qhDHFbZXoRTM7pNSvFRfW/W/L/LrQ38C99J5CGuRBBzBsdA==",
			"requires": {
				"get-stdin": "^6.0.0"
			},
			"dependencies": {
				"get-stdin": {
					"version": "6.0.0",
					"resolved": "https://registry.npmjs.org/get-stdin/-/get-stdin-6.0.0.tgz",
					"integrity": "sha512-jp4tHawyV7+fkkSKyvjuLZswblUtz+SQKzSWnBbii16BuZksJlU1wuBYXY75r+duh/llF1ur6oNwi+2ZzjKZ7g=="
				}
			}
		},
		"eslint-plugin-import": {
			"version": "2.21.1",
			"resolved": "https://registry.npmjs.org/eslint-plugin-import/-/eslint-plugin-import-2.21.1.tgz",
			"integrity": "sha512-qYOOsgUv63vHof7BqbzuD+Ud34bXHxFJxntuAC1ZappFZXYbRIek3aJ7jc9i2dHDGDyZ/0zlO0cpioES265Lsw==",
			"requires": {
				"array-includes": "^3.1.1",
				"array.prototype.flat": "^1.2.3",
				"contains-path": "^0.1.0",
				"debug": "^2.6.9",
				"doctrine": "1.5.0",
				"eslint-import-resolver-node": "^0.3.3",
				"eslint-module-utils": "^2.6.0",
				"has": "^1.0.3",
				"minimatch": "^3.0.4",
				"object.values": "^1.1.1",
				"read-pkg-up": "^2.0.0",
				"resolve": "^1.17.0",
				"tsconfig-paths": "^3.9.0"
			},
			"dependencies": {
				"@types/json5": {
					"version": "0.0.29",
					"resolved": "https://registry.npmjs.org/@types/json5/-/json5-0.0.29.tgz",
					"integrity": "sha1-7ihweulOEdK4J7y+UnC86n8+ce4="
				},
				"array-includes": {
					"version": "3.1.1",
					"resolved": "https://registry.npmjs.org/array-includes/-/array-includes-3.1.1.tgz",
					"integrity": "sha512-c2VXaCHl7zPsvpkFsw4nxvFie4fh1ur9bpcgsVkIjqn0H/Xwdg+7fv3n2r/isyS8EBj5b06M9kHyZuIr4El6WQ==",
					"requires": {
						"define-properties": "^1.1.3",
						"es-abstract": "^1.17.0",
						"is-string": "^1.0.5"
					}
				},
				"array.prototype.flat": {
					"version": "1.2.3",
					"resolved": "https://registry.npmjs.org/array.prototype.flat/-/array.prototype.flat-1.2.3.tgz",
					"integrity": "sha512-gBlRZV0VSmfPIeWfuuy56XZMvbVfbEUnOXUvt3F/eUUUSyzlgLxhEX4YAEpxNAogRGehPSnfXyPtYyKAhkzQhQ==",
					"requires": {
						"define-properties": "^1.1.3",
						"es-abstract": "^1.17.0-next.1"
					}
				},
				"balanced-match": {
					"version": "1.0.0",
					"resolved": "https://registry.npmjs.org/balanced-match/-/balanced-match-1.0.0.tgz",
					"integrity": "sha1-ibTRmasr7kneFk6gK4nORi1xt2c="
				},
				"brace-expansion": {
					"version": "1.1.11",
					"resolved": "https://registry.npmjs.org/brace-expansion/-/brace-expansion-1.1.11.tgz",
					"integrity": "sha512-iCuPHDFgrHX7H2vEI/5xpz07zSHB00TpugqhmYtVmMO6518mCuRMoOYFldEBl0g187ufozdaHgWKcYFb61qGiA==",
					"requires": {
						"balanced-match": "^1.0.0",
						"concat-map": "0.0.1"
					}
				},
				"concat-map": {
					"version": "0.0.1",
					"resolved": "https://registry.npmjs.org/concat-map/-/concat-map-0.0.1.tgz",
					"integrity": "sha1-2Klr13/Wjfd5OnMDajug1UBdR3s="
				},
				"contains-path": {
					"version": "0.1.0",
					"resolved": "https://registry.npmjs.org/contains-path/-/contains-path-0.1.0.tgz",
					"integrity": "sha1-/ozxhP9mcLa67wGp1IYaXL7EEgo="
				},
				"debug": {
					"version": "2.6.9",
					"resolved": "https://registry.npmjs.org/debug/-/debug-2.6.9.tgz",
					"integrity": "sha512-bC7ElrdJaJnPbAP+1EotYvqZsb3ecl5wi6Bfi6BJTUcNowp6cvspg0jXznRTKDjm/E7AdgFBVeAPVMNcKGsHMA==",
					"requires": {
						"ms": "2.0.0"
					}
				},
				"define-properties": {
					"version": "1.1.3",
					"resolved": "https://registry.npmjs.org/define-properties/-/define-properties-1.1.3.tgz",
					"integrity": "sha512-3MqfYKj2lLzdMSf8ZIZE/V+Zuy+BgD6f164e8K2w7dgnpKArBDerGYpM46IYYcjnkdPNMjPk9A6VFB8+3SKlXQ==",
					"requires": {
						"object-keys": "^1.0.12"
					}
				},
				"doctrine": {
					"version": "1.5.0",
					"resolved": "https://registry.npmjs.org/doctrine/-/doctrine-1.5.0.tgz",
					"integrity": "sha1-N53Ocw9hZvds76TmcHoVmwLFpvo=",
					"requires": {
						"esutils": "^2.0.2",
						"isarray": "^1.0.0"
					}
				},
				"error-ex": {
					"version": "1.3.2",
					"resolved": "https://registry.npmjs.org/error-ex/-/error-ex-1.3.2.tgz",
					"integrity": "sha512-7dFHNmqeFSEt2ZBsCriorKnn3Z2pj+fd9kmI6QoWw4//DL+icEBfc0U7qJCisqrTsKTjw4fNFy2pW9OqStD84g==",
					"requires": {
						"is-arrayish": "^0.2.1"
					}
				},
				"es-abstract": {
					"version": "1.17.5",
					"resolved": "https://registry.npmjs.org/es-abstract/-/es-abstract-1.17.5.tgz",
					"integrity": "sha512-BR9auzDbySxOcfog0tLECW8l28eRGpDpU3Dm3Hp4q/N+VtLTmyj4EUN088XZWQDW/hzj6sYRDXeOFsaAODKvpg==",
					"requires": {
						"es-to-primitive": "^1.2.1",
						"function-bind": "^1.1.1",
						"has": "^1.0.3",
						"has-symbols": "^1.0.1",
						"is-callable": "^1.1.5",
						"is-regex": "^1.0.5",
						"object-inspect": "^1.7.0",
						"object-keys": "^1.1.1",
						"object.assign": "^4.1.0",
						"string.prototype.trimleft": "^2.1.1",
						"string.prototype.trimright": "^2.1.1"
					}
				},
				"es-to-primitive": {
					"version": "1.2.1",
					"resolved": "https://registry.npmjs.org/es-to-primitive/-/es-to-primitive-1.2.1.tgz",
					"integrity": "sha512-QCOllgZJtaUo9miYBcLChTUaHNjJF3PYs1VidD7AwiEj1kYxKeQTctLAezAOH5ZKRH0g2IgPn6KwB4IT8iRpvA==",
					"requires": {
						"is-callable": "^1.1.4",
						"is-date-object": "^1.0.1",
						"is-symbol": "^1.0.2"
					}
				},
				"eslint-import-resolver-node": {
					"version": "0.3.3",
					"resolved": "https://registry.npmjs.org/eslint-import-resolver-node/-/eslint-import-resolver-node-0.3.3.tgz",
					"integrity": "sha512-b8crLDo0M5RSe5YG8Pu2DYBj71tSB6OvXkfzwbJU2w7y8P4/yo0MyF8jU26IEuEuHF2K5/gcAJE3LhQGqBBbVg==",
					"requires": {
						"debug": "^2.6.9",
						"resolve": "^1.13.1"
					}
				},
				"eslint-module-utils": {
					"version": "2.6.0",
					"resolved": "https://registry.npmjs.org/eslint-module-utils/-/eslint-module-utils-2.6.0.tgz",
					"integrity": "sha512-6j9xxegbqe8/kZY8cYpcp0xhbK0EgJlg3g9mib3/miLaExuuwc3n5UEfSnU6hWMbT0FAYVvDbL9RrRgpUeQIvA==",
					"requires": {
						"debug": "^2.6.9",
						"pkg-dir": "^2.0.0"
					}
				},
				"esutils": {
					"version": "2.0.3",
					"resolved": "https://registry.npmjs.org/esutils/-/esutils-2.0.3.tgz",
					"integrity": "sha512-kVscqXk4OCp68SZ0dkgEKVi6/8ij300KBWTJq32P/dYeWTSwK41WyTxalN1eRmA5Z9UU/LX9D7FWSmV9SAYx6g=="
				},
				"find-up": {
					"version": "2.1.0",
					"resolved": "https://registry.npmjs.org/find-up/-/find-up-2.1.0.tgz",
					"integrity": "sha1-RdG35QbHF93UgndaK3eSCjwMV6c=",
					"requires": {
						"locate-path": "^2.0.0"
					}
				},
				"function-bind": {
					"version": "1.1.1",
					"resolved": "https://registry.npmjs.org/function-bind/-/function-bind-1.1.1.tgz",
					"integrity": "sha512-yIovAzMX49sF8Yl58fSCWJ5svSLuaibPxXQJFLmBObTuCr0Mf1KiPopGM9NiFjiYBCbfaa2Fh6breQ6ANVTI0A=="
				},
				"graceful-fs": {
					"version": "4.2.4",
					"resolved": "https://registry.npmjs.org/graceful-fs/-/graceful-fs-4.2.4.tgz",
					"integrity": "sha512-WjKPNJF79dtJAVniUlGGWHYGz2jWxT6VhN/4m1NdkbZ2nOsEF+cI1Edgql5zCRhs/VsQYRvrXctxktVXZUkixw=="
				},
				"has": {
					"version": "1.0.3",
					"resolved": "https://registry.npmjs.org/has/-/has-1.0.3.tgz",
					"integrity": "sha512-f2dvO0VU6Oej7RkWJGrehjbzMAjFp5/VKPp5tTpWIV4JHHZK1/BxbFRtf/siA2SWTe09caDmVtYYzWEIbBS4zw==",
					"requires": {
						"function-bind": "^1.1.1"
					}
				},
				"has-symbols": {
					"version": "1.0.1",
					"resolved": "https://registry.npmjs.org/has-symbols/-/has-symbols-1.0.1.tgz",
					"integrity": "sha512-PLcsoqu++dmEIZB+6totNFKq/7Do+Z0u4oT0zKOJNl3lYK6vGwwu2hjHs+68OEZbTjiUE9bgOABXbP/GvrS0Kg=="
				},
				"hosted-git-info": {
					"version": "2.8.8",
					"resolved": "https://registry.npmjs.org/hosted-git-info/-/hosted-git-info-2.8.8.tgz",
					"integrity": "sha512-f/wzC2QaWBs7t9IYqB4T3sR1xviIViXJRJTWBlx2Gf3g0Xi5vI7Yy4koXQ1c9OYDGHN9sBy1DQ2AB8fqZBWhUg=="
				},
				"is-arrayish": {
					"version": "0.2.1",
					"resolved": "https://registry.npmjs.org/is-arrayish/-/is-arrayish-0.2.1.tgz",
					"integrity": "sha1-d8mYQFJ6qOyxqLppe4BkWnqSap0="
				},
				"is-callable": {
					"version": "1.2.0",
					"resolved": "https://registry.npmjs.org/is-callable/-/is-callable-1.2.0.tgz",
					"integrity": "sha512-pyVD9AaGLxtg6srb2Ng6ynWJqkHU9bEM087AKck0w8QwDarTfNcpIYoU8x8Hv2Icm8u6kFJM18Dag8lyqGkviw=="
				},
				"is-date-object": {
					"version": "1.0.2",
					"resolved": "https://registry.npmjs.org/is-date-object/-/is-date-object-1.0.2.tgz",
					"integrity": "sha512-USlDT524woQ08aoZFzh3/Z6ch9Y/EWXEHQ/AaRN0SkKq4t2Jw2R2339tSXmwuVoY7LLlBCbOIlx2myP/L5zk0g=="
				},
				"is-regex": {
					"version": "1.1.0",
					"resolved": "https://registry.npmjs.org/is-regex/-/is-regex-1.1.0.tgz",
					"integrity": "sha512-iI97M8KTWID2la5uYXlkbSDQIg4F6o1sYboZKKTDpnDQMLtUL86zxhgDet3Q2SriaYsyGqZ6Mn2SjbRKeLHdqw==",
					"requires": {
						"has-symbols": "^1.0.1"
					}
				},
				"is-string": {
					"version": "1.0.5",
					"resolved": "https://registry.npmjs.org/is-string/-/is-string-1.0.5.tgz",
					"integrity": "sha512-buY6VNRjhQMiF1qWDouloZlQbRhDPCebwxSjxMjxgemYT46YMd2NR0/H+fBhEfWX4A/w9TBJ+ol+okqJKFE6vQ=="
				},
				"is-symbol": {
					"version": "1.0.3",
					"resolved": "https://registry.npmjs.org/is-symbol/-/is-symbol-1.0.3.tgz",
					"integrity": "sha512-OwijhaRSgqvhm/0ZdAcXNZt9lYdKFpcRDT5ULUuYXPoT794UNOdU+gpT6Rzo7b4V2HUl/op6GqY894AZwv9faQ==",
					"requires": {
						"has-symbols": "^1.0.1"
					}
				},
				"isarray": {
					"version": "1.0.0",
					"resolved": "https://registry.npmjs.org/isarray/-/isarray-1.0.0.tgz",
					"integrity": "sha1-u5NdSFgsuhaMBoNJV6VKPgcSTxE="
				},
				"json5": {
					"version": "1.0.1",
					"resolved": "https://registry.npmjs.org/json5/-/json5-1.0.1.tgz",
					"integrity": "sha512-aKS4WQjPenRxiQsC93MNfjx+nbF4PAdYzmd/1JIj8HYzqfbu86beTuNgXDzPknWk0n0uARlyewZo4s++ES36Ow==",
					"requires": {
						"minimist": "^1.2.0"
					}
				},
				"load-json-file": {
					"version": "2.0.0",
					"resolved": "https://registry.npmjs.org/load-json-file/-/load-json-file-2.0.0.tgz",
					"integrity": "sha1-eUfkIUmvgNaWy/eXvKq8/h/inKg=",
					"requires": {
						"graceful-fs": "^4.1.2",
						"parse-json": "^2.2.0",
						"pify": "^2.0.0",
						"strip-bom": "^3.0.0"
					}
				},
				"locate-path": {
					"version": "2.0.0",
					"resolved": "https://registry.npmjs.org/locate-path/-/locate-path-2.0.0.tgz",
					"integrity": "sha1-K1aLJl7slExtnA3pw9u7ygNUzY4=",
					"requires": {
						"p-locate": "^2.0.0",
						"path-exists": "^3.0.0"
					}
				},
				"minimatch": {
					"version": "3.0.4",
					"resolved": "https://registry.npmjs.org/minimatch/-/minimatch-3.0.4.tgz",
					"integrity": "sha512-yJHVQEhyqPLUTgt9B83PXu6W3rx4MvvHvSUvToogpwoGDOUQ+yDrR0HRot+yOCdCO7u4hX3pWft6kWBBcqh0UA==",
					"requires": {
						"brace-expansion": "^1.1.7"
					}
				},
				"minimist": {
					"version": "1.2.5",
					"resolved": "https://registry.npmjs.org/minimist/-/minimist-1.2.5.tgz",
					"integrity": "sha512-FM9nNUYrRBAELZQT3xeZQ7fmMOBg6nWNmJKTcgsJeaLstP/UODVpGsr5OhXhhXg6f+qtJ8uiZ+PUxkDWcgIXLw=="
				},
				"ms": {
					"version": "2.0.0",
					"resolved": "https://registry.npmjs.org/ms/-/ms-2.0.0.tgz",
					"integrity": "sha1-VgiurfwAvmwpAd9fmGF4jeDVl8g="
				},
				"normalize-package-data": {
					"version": "2.5.0",
					"resolved": "https://registry.npmjs.org/normalize-package-data/-/normalize-package-data-2.5.0.tgz",
					"integrity": "sha512-/5CMN3T0R4XTj4DcGaexo+roZSdSFW/0AOOTROrjxzCG1wrWXEsGbRKevjlIL+ZDE4sZlJr5ED4YW0yqmkK+eA==",
					"requires": {
						"hosted-git-info": "^2.1.4",
						"resolve": "^1.10.0",
						"semver": "2 || 3 || 4 || 5",
						"validate-npm-package-license": "^3.0.1"
					}
				},
				"object-inspect": {
					"version": "1.7.0",
					"resolved": "https://registry.npmjs.org/object-inspect/-/object-inspect-1.7.0.tgz",
					"integrity": "sha512-a7pEHdh1xKIAgTySUGgLMx/xwDZskN1Ud6egYYN3EdRW4ZMPNEDUTF+hwy2LUC+Bl+SyLXANnwz/jyh/qutKUw=="
				},
				"object-keys": {
					"version": "1.1.1",
					"resolved": "https://registry.npmjs.org/object-keys/-/object-keys-1.1.1.tgz",
					"integrity": "sha512-NuAESUOUMrlIXOfHKzD6bpPu3tYt3xvjNdRIQ+FeT0lNb4K8WR70CaDxhuNguS2XG+GjkyMwOzsN5ZktImfhLA=="
				},
				"object.assign": {
					"version": "4.1.0",
					"resolved": "https://registry.npmjs.org/object.assign/-/object.assign-4.1.0.tgz",
					"integrity": "sha512-exHJeq6kBKj58mqGyTQ9DFvrZC/eR6OwxzoM9YRoGBqrXYonaFyGiFMuc9VZrXf7DarreEwMpurG3dd+CNyW5w==",
					"requires": {
						"define-properties": "^1.1.2",
						"function-bind": "^1.1.1",
						"has-symbols": "^1.0.0",
						"object-keys": "^1.0.11"
					}
				},
				"object.values": {
					"version": "1.1.1",
					"resolved": "https://registry.npmjs.org/object.values/-/object.values-1.1.1.tgz",
					"integrity": "sha512-WTa54g2K8iu0kmS/us18jEmdv1a4Wi//BZ/DTVYEcH0XhLM5NYdpDHja3gt57VrZLcNAO2WGA+KpWsDBaHt6eA==",
					"requires": {
						"define-properties": "^1.1.3",
						"es-abstract": "^1.17.0-next.1",
						"function-bind": "^1.1.1",
						"has": "^1.0.3"
					}
				},
				"p-limit": {
					"version": "1.3.0",
					"resolved": "https://registry.npmjs.org/p-limit/-/p-limit-1.3.0.tgz",
					"integrity": "sha512-vvcXsLAJ9Dr5rQOPk7toZQZJApBl2K4J6dANSsEuh6QI41JYcsS/qhTGa9ErIUUgK3WNQoJYvylxvjqmiqEA9Q==",
					"requires": {
						"p-try": "^1.0.0"
					}
				},
				"p-locate": {
					"version": "2.0.0",
					"resolved": "https://registry.npmjs.org/p-locate/-/p-locate-2.0.0.tgz",
					"integrity": "sha1-IKAQOyIqcMj9OcwuWAaA893l7EM=",
					"requires": {
						"p-limit": "^1.1.0"
					}
				},
				"p-try": {
					"version": "1.0.0",
					"resolved": "https://registry.npmjs.org/p-try/-/p-try-1.0.0.tgz",
					"integrity": "sha1-y8ec26+P1CKOE/Yh8rGiN8GyB7M="
				},
				"parse-json": {
					"version": "2.2.0",
					"resolved": "https://registry.npmjs.org/parse-json/-/parse-json-2.2.0.tgz",
					"integrity": "sha1-9ID0BDTvgHQfhGkJn43qGPVaTck=",
					"requires": {
						"error-ex": "^1.2.0"
					}
				},
				"path-exists": {
					"version": "3.0.0",
					"resolved": "https://registry.npmjs.org/path-exists/-/path-exists-3.0.0.tgz",
					"integrity": "sha1-zg6+ql94yxiSXqfYENe1mwEP1RU="
				},
				"path-parse": {
					"version": "1.0.6",
					"resolved": "https://registry.npmjs.org/path-parse/-/path-parse-1.0.6.tgz",
					"integrity": "sha512-GSmOT2EbHrINBf9SR7CDELwlJ8AENk3Qn7OikK4nFYAu3Ote2+JYNVvkpAEQm3/TLNEJFD/xZJjzyxg3KBWOzw=="
				},
				"path-type": {
					"version": "2.0.0",
					"resolved": "https://registry.npmjs.org/path-type/-/path-type-2.0.0.tgz",
					"integrity": "sha1-8BLMuEFbcJb8LaoQVMPXI4lZTHM=",
					"requires": {
						"pify": "^2.0.0"
					}
				},
				"pify": {
					"version": "2.3.0",
					"resolved": "https://registry.npmjs.org/pify/-/pify-2.3.0.tgz",
					"integrity": "sha1-7RQaasBDqEnqWISY59yosVMw6Qw="
				},
				"pkg-dir": {
					"version": "2.0.0",
					"resolved": "https://registry.npmjs.org/pkg-dir/-/pkg-dir-2.0.0.tgz",
					"integrity": "sha1-9tXREJ4Z1j7fQo4L1X4Sd3YVM0s=",
					"requires": {
						"find-up": "^2.1.0"
					}
				},
				"read-pkg": {
					"version": "2.0.0",
					"resolved": "https://registry.npmjs.org/read-pkg/-/read-pkg-2.0.0.tgz",
					"integrity": "sha1-jvHAYjxqbbDcZxPEv6xGMysjaPg=",
					"requires": {
						"load-json-file": "^2.0.0",
						"normalize-package-data": "^2.3.2",
						"path-type": "^2.0.0"
					}
				},
				"read-pkg-up": {
					"version": "2.0.0",
					"resolved": "https://registry.npmjs.org/read-pkg-up/-/read-pkg-up-2.0.0.tgz",
					"integrity": "sha1-a3KoBImE4MQeeVEP1en6mbO1Sb4=",
					"requires": {
						"find-up": "^2.0.0",
						"read-pkg": "^2.0.0"
					}
				},
				"resolve": {
					"version": "1.17.0",
					"resolved": "https://registry.npmjs.org/resolve/-/resolve-1.17.0.tgz",
					"integrity": "sha512-ic+7JYiV8Vi2yzQGFWOkiZD5Z9z7O2Zhm9XMaTxdJExKasieFCr+yXZ/WmXsckHiKl12ar0y6XiXDx3m4RHn1w==",
					"requires": {
						"path-parse": "^1.0.6"
					}
				},
				"semver": {
					"version": "5.7.1",
					"resolved": "https://registry.npmjs.org/semver/-/semver-5.7.1.tgz",
					"integrity": "sha512-sauaDf/PZdVgrLTNYHRtpXa1iRiKcaebiKQ1BJdpQlWH2lCvexQdX55snPFyK7QzpudqbCI0qXFfOasHdyNDGQ=="
				},
				"spdx-correct": {
					"version": "3.1.1",
					"resolved": "https://registry.npmjs.org/spdx-correct/-/spdx-correct-3.1.1.tgz",
					"integrity": "sha512-cOYcUWwhCuHCXi49RhFRCyJEK3iPj1Ziz9DpViV3tbZOwXD49QzIN3MpOLJNxh2qwq2lJJZaKMVw9qNi4jTC0w==",
					"requires": {
						"spdx-expression-parse": "^3.0.0",
						"spdx-license-ids": "^3.0.0"
					}
				},
				"spdx-exceptions": {
					"version": "2.3.0",
					"resolved": "https://registry.npmjs.org/spdx-exceptions/-/spdx-exceptions-2.3.0.tgz",
					"integrity": "sha512-/tTrYOC7PPI1nUAgx34hUpqXuyJG+DTHJTnIULG4rDygi4xu/tfgmq1e1cIRwRzwZgo4NLySi+ricLkZkw4i5A=="
				},
				"spdx-expression-parse": {
					"version": "3.0.1",
					"resolved": "https://registry.npmjs.org/spdx-expression-parse/-/spdx-expression-parse-3.0.1.tgz",
					"integrity": "sha512-cbqHunsQWnJNE6KhVSMsMeH5H/L9EpymbzqTQ3uLwNCLZ1Q481oWaofqH7nO6V07xlXwY6PhQdQ2IedWx/ZK4Q==",
					"requires": {
						"spdx-exceptions": "^2.1.0",
						"spdx-license-ids": "^3.0.0"
					}
				},
				"spdx-license-ids": {
					"version": "3.0.5",
					"resolved": "https://registry.npmjs.org/spdx-license-ids/-/spdx-license-ids-3.0.5.tgz",
					"integrity": "sha512-J+FWzZoynJEXGphVIS+XEh3kFSjZX/1i9gFBaWQcB+/tmpe2qUsSBABpcxqxnAxFdiUFEgAX1bjYGQvIZmoz9Q=="
				},
				"string.prototype.trimend": {
					"version": "1.0.1",
					"resolved": "https://registry.npmjs.org/string.prototype.trimend/-/string.prototype.trimend-1.0.1.tgz",
					"integrity": "sha512-LRPxFUaTtpqYsTeNKaFOw3R4bxIzWOnbQ837QfBylo8jIxtcbK/A/sMV7Q+OAV/vWo+7s25pOE10KYSjaSO06g==",
					"requires": {
						"define-properties": "^1.1.3",
						"es-abstract": "^1.17.5"
					}
				},
				"string.prototype.trimleft": {
					"version": "2.1.2",
					"resolved": "https://registry.npmjs.org/string.prototype.trimleft/-/string.prototype.trimleft-2.1.2.tgz",
					"integrity": "sha512-gCA0tza1JBvqr3bfAIFJGqfdRTyPae82+KTnm3coDXkZN9wnuW3HjGgN386D7hfv5CHQYCI022/rJPVlqXyHSw==",
					"requires": {
						"define-properties": "^1.1.3",
						"es-abstract": "^1.17.5",
						"string.prototype.trimstart": "^1.0.0"
					}
				},
				"string.prototype.trimright": {
					"version": "2.1.2",
					"resolved": "https://registry.npmjs.org/string.prototype.trimright/-/string.prototype.trimright-2.1.2.tgz",
					"integrity": "sha512-ZNRQ7sY3KroTaYjRS6EbNiiHrOkjihL9aQE/8gfQ4DtAC/aEBRHFJa44OmoWxGGqXuJlfKkZW4WcXErGr+9ZFg==",
					"requires": {
						"define-properties": "^1.1.3",
						"es-abstract": "^1.17.5",
						"string.prototype.trimend": "^1.0.0"
					}
				},
				"string.prototype.trimstart": {
					"version": "1.0.1",
					"resolved": "https://registry.npmjs.org/string.prototype.trimstart/-/string.prototype.trimstart-1.0.1.tgz",
					"integrity": "sha512-XxZn+QpvrBI1FOcg6dIpxUPgWCPuNXvMD72aaRaUQv1eD4e/Qy8i/hFTe0BUmD60p/QA6bh1avmuPTfNjqVWRw==",
					"requires": {
						"define-properties": "^1.1.3",
						"es-abstract": "^1.17.5"
					}
				},
				"strip-bom": {
					"version": "3.0.0",
					"resolved": "https://registry.npmjs.org/strip-bom/-/strip-bom-3.0.0.tgz",
					"integrity": "sha1-IzTBjpx1n3vdVv3vfprj1YjmjtM="
				},
				"tsconfig-paths": {
					"version": "3.9.0",
					"resolved": "https://registry.npmjs.org/tsconfig-paths/-/tsconfig-paths-3.9.0.tgz",
					"integrity": "sha512-dRcuzokWhajtZWkQsDVKbWyY+jgcLC5sqJhg2PSgf4ZkH2aHPvaOY8YWGhmjb68b5qqTfasSsDO9k7RUiEmZAw==",
					"requires": {
						"@types/json5": "^0.0.29",
						"json5": "^1.0.1",
						"minimist": "^1.2.0",
						"strip-bom": "^3.0.0"
					}
				},
				"validate-npm-package-license": {
					"version": "3.0.4",
					"resolved": "https://registry.npmjs.org/validate-npm-package-license/-/validate-npm-package-license-3.0.4.tgz",
					"integrity": "sha512-DpKm2Ui/xN7/HQKCtpZxoRWBhZ9Z0kqtygG8XCgNQ8ZlDnxuQmWhj566j8fN4Cu3/JmbhsDo7fcAJq4s9h27Ew==",
					"requires": {
						"spdx-correct": "^3.0.0",
						"spdx-expression-parse": "^3.0.0"
					}
				}
			}
		},
		"eslint-plugin-prettier": {
			"version": "3.1.3",
			"resolved": "https://registry.npmjs.org/eslint-plugin-prettier/-/eslint-plugin-prettier-3.1.3.tgz",
			"integrity": "sha512-+HG5jmu/dN3ZV3T6eCD7a4BlAySdN7mLIbJYo0z1cFQuI+r2DiTJEFeF68ots93PsnrMxbzIZ2S/ieX+mkrBeQ==",
			"requires": {
				"prettier-linter-helpers": "^1.0.0"
			},
			"dependencies": {
				"fast-diff": {
					"version": "1.2.0",
					"resolved": "https://registry.npmjs.org/fast-diff/-/fast-diff-1.2.0.tgz",
					"integrity": "sha512-xJuoT5+L99XlZ8twedaRf6Ax2TgQVxvgZOYoPKqZufmJib0tL2tegPBOZb1pVNgIhlqDlA0eO0c3wBvQcmzx4w=="
				},
				"prettier-linter-helpers": {
					"version": "1.0.0",
					"resolved": "https://registry.npmjs.org/prettier-linter-helpers/-/prettier-linter-helpers-1.0.0.tgz",
					"integrity": "sha512-GbK2cP9nraSSUF9N2XwUwqfzlAFlMNYYl+ShE/V+H8a9uNl/oUqB1w2EL54Jh0OlyRSd8RfWYJ3coVS4TROP2w==",
					"requires": {
						"fast-diff": "^1.1.2"
					}
				}
			}
		}
	}
}
